{
  "requires": true,
  "lockfileVersion": 1,
  "dependencies": {
    "@ckeditor/ckeditor5-build-classic": {
      "version": "18.0.0",
      "resolved": "https://registry.npmjs.org/@ckeditor/ckeditor5-build-classic/-/ckeditor5-build-classic-18.0.0.tgz",
      "integrity": "sha512-7nyaDU5sUSl+7wXPwr0d5bOlO2e0LRQh2iJJCJfAjjuUESwtiBGoFC+Ql5dEht0xlfARoSWQMlkUvGuHOVja7A=="
    },
    "@ckeditor/ckeditor5-vue": {
      "version": "1.0.1",
      "resolved": "https://registry.npmjs.org/@ckeditor/ckeditor5-vue/-/ckeditor5-vue-1.0.1.tgz",
      "integrity": "sha512-4MaQwZ04cWwqYW0732sg2aqx9ILeHIP0LSLKUuLCLR21qYONZPvxY/V/czh1DH99toaL/iwPvEoJtO2ldriPaA=="
    },
    "dual-listbox-vue": {
      "version": "1.0.2",
      "resolved": "https://registry.npmjs.org/dual-listbox-vue/-/dual-listbox-vue-1.0.2.tgz",
      "integrity": "sha512-lWGlRiclOfAsEDNwbyelyEJhYaYLCRgn6ZlMTvLjPGZ/2/wC0GXIGlsAxYg1ZAYoxVa+CFBtMeNWvf6e1U2fSw==",
      "requires": {
        "vue": "^2.5.22"
      }
    },
    "vue": {
      "version": "2.6.11",
      "resolved": "https://registry.npmjs.org/vue/-/vue-2.6.11.tgz",
      "integrity": "sha512-VfPwgcGABbGAue9+sfrD4PuwFar7gPb1yl1UK1MwXoQPAw0BKSqWfoYCT/ThFrdEVWoI51dBuyCoiNU9bZDZxQ=="
    },
    "vue-multiselect-listbox": {
      "version": "0.0.18",
      "resolved": "https://registry.npmjs.org/vue-multiselect-listbox/-/vue-multiselect-listbox-0.0.18.tgz",
      "integrity": "sha512-hGkCRwYFbh4/JfI8GWBA+9l0GwuNvGzJAtKzgCRZ04kBKrC/R7hW/Kgw+RfJ7yZHNo/PSqzsdbpO4qyzk9tg4Q=="
    }
  }
}
